{
  "name": "serverless-todo-app",
  "version": "1.0.0",
  "lockfileVersion": 3,
  "requires": true,
  "packages": {
    "": {
      "name": "serverless-todo-app",
      "version": "1.0.0",
      "license": "ISC",
      "dependencies": {
        "@middy/core": "^3.6.2",
        "@middy/http-cors": "^3.6.2",
        "@middy/http-error-handler": "^3.6.2",
        "aws-sdk": "^2.1475.0",
        "aws-xray-sdk-core": "^3.9.0",
        "axios": "^1.7.2",
        "http-errors": "^2.0.0",
        "jsonwebtoken": "^8.5.1",
        "serverless-iam-roles-per-function": "^3.2.0",
        "serverless-reqvalidator-plugin": "^3.1.0",
        "uuid": "^9.0.1",
        "winston": "^3.13.0"
      }
    },
    "node_modules/@aws-sdk/types": {
      "version": "3.598.0",
      "resolved": "https://registry.npmjs.org/@aws-sdk/types/-/types-3.598.0.tgz",
      "integrity": "sha512-742uRl6z7u0LFmZwDrFP6r1wlZcgVPw+/TilluDJmCAR8BgRw3IR+743kUXKBGd8QZDRW2n6v/PYsi/AWCDDMQ==",
      "dependencies": {
        "@smithy/types": "^3.1.0",
        "tslib": "^2.6.2"
      },
      "engines": {
        "node": ">=16.0.0"
      }
    },
    "node_modules/@colors/colors": {
      "version": "1.6.0",
      "license": "MIT",
      "engines": {
        "node": ">=0.1.90"
      }
    },
    "node_modules/@dabh/diagnostics": {
      "version": "2.0.3",
      "license": "MIT",
      "dependencies": {
        "colorspace": "1.1.x",
        "enabled": "2.0.x",
        "kuler": "^2.0.0"
      }
    },
    "node_modules/@middy/core": {
      "version": "3.6.2",
      "license": "MIT",
      "engines": {
        "node": ">=14"
      }
    },
    "node_modules/@middy/http-cors": {
      "version": "3.6.2",
      "license": "MIT",
      "dependencies": {
        "@middy/util": "3.6.2"
      },
      "engines": {
        "node": ">=14"
      }
    },
    "node_modules/@middy/http-error-handler": {
      "version": "3.6.2",
      "license": "MIT",
      "dependencies": {
        "@middy/util": "3.6.2"
      },
      "engines": {
        "node": ">=14"
      }
    },
    "node_modules/@middy/util": {
      "version": "3.6.2",
      "license": "MIT",
      "engines": {
        "node": ">=14"
      }
    },
    "node_modules/@smithy/types": {
      "version": "3.2.0",
      "license": "Apache-2.0",
      "dependencies": {
        "tslib": "^2.6.2"
      },
      "engines": {
        "node": ">=16.0.0"
      }
    },
    "node_modules/@types/cls-hooked": {
      "version": "4.3.8",
      "license": "MIT",
      "dependencies": {
        "@types/node": "*"
      }
    },
    "node_modules/@types/node": {
      "version": "20.14.8",
      "license": "MIT",
      "dependencies": {
        "undici-types": "~5.26.4"
      }
    },
    "node_modules/@types/triple-beam": {
      "version": "1.3.5",
      "license": "MIT"
    },
    "node_modules/async": {
      "version": "3.2.5",
      "license": "MIT"
    },
    "node_modules/async-hook-jl": {
      "version": "1.7.6",
      "license": "MIT",
      "dependencies": {
        "stack-chain": "^1.3.7"
      },
      "engines": {
        "node": "^4.7 || >=6.9 || >=7.3"
      }
    },
    "node_modules/asynckit": {
      "version": "0.4.0",
      "license": "MIT"
    },
    "node_modules/atomic-batcher": {
      "version": "1.0.2",
      "license": "MIT"
    },
    "node_modules/available-typed-arrays": {
      "version": "1.0.7",
      "license": "MIT",
      "dependencies": {
        "possible-typed-array-names": "^1.0.0"
      },
      "engines": {
        "node": ">= 0.4"
      },
      "funding": {
        "url": "https://github.com/sponsors/ljharb"
      }
    },
    "node_modules/aws-sdk": {
      "version": "2.1646.0",
      "hasInstallScript": true,
      "license": "Apache-2.0",
      "dependencies": {
        "buffer": "4.9.2",
        "events": "1.1.1",
        "ieee754": "1.1.13",
        "jmespath": "0.16.0",
        "querystring": "0.2.0",
        "sax": "1.2.1",
        "url": "0.10.3",
        "util": "^0.12.4",
        "uuid": "8.0.0",
        "xml2js": "0.6.2"
      },
      "engines": {
        "node": ">= 10.0.0"
      }
    },
    "node_modules/aws-sdk/node_modules/uuid": {
      "version": "8.0.0",
      "license": "MIT",
      "bin": {
        "uuid": "dist/bin/uuid"
      }
    },
    "node_modules/aws-xray-sdk-core": {
      "version": "3.9.0",
      "license": "Apache-2.0",
      "dependencies": {
        "@aws-sdk/types": "^3.4.1",
        "@smithy/service-error-classification": "^2.0.4",
        "@types/cls-hooked": "^4.3.3",
        "atomic-batcher": "^1.0.2",
        "cls-hooked": "^4.2.2",
        "semver": "^7.5.3"
      },
      "engines": {
        "node": ">= 14.x"
      }
    },
    "node_modules/aws-xray-sdk-core/node_modules/@smithy/service-error-classification": {
      "version": "2.1.5",
      "license": "Apache-2.0",
      "dependencies": {
        "@smithy/types": "^2.12.0"
      },
      "engines": {
        "node": ">=14.0.0"
      }
    },
    "node_modules/aws-xray-sdk-core/node_modules/@smithy/types": {
      "version": "2.12.0",
      "license": "Apache-2.0",
      "dependencies": {
        "tslib": "^2.6.2"
      },
      "engines": {
        "node": ">=14.0.0"
      }
    },
    "node_modules/axios": {
      "version": "1.7.2",
      "license": "MIT",
      "dependencies": {
        "follow-redirects": "^1.15.6",
        "form-data": "^4.0.0",
        "proxy-from-env": "^1.1.0"
      }
    },
    "node_modules/base64-js": {
      "version": "1.5.1",
      "funding": [
        {
          "type": "github",
          "url": "https://github.com/sponsors/feross"
        },
        {
          "type": "patreon",
          "url": "https://www.patreon.com/feross"
        },
        {
          "type": "consulting",
          "url": "https://feross.org/support"
        }
      ],
      "license": "MIT"
    },
    "node_modules/buffer": {
      "version": "4.9.2",
      "license": "MIT",
      "dependencies": {
        "base64-js": "^1.0.2",
        "ieee754": "^1.1.4",
        "isarray": "^1.0.0"
      }
    },
    "node_modules/buffer-equal-constant-time": {
      "version": "1.0.1",
      "license": "BSD-3-Clause"
    },
    "node_modules/call-bind": {
      "version": "1.0.7",
      "license": "MIT",
      "dependencies": {
        "es-define-property": "^1.0.0",
        "es-errors": "^1.3.0",
        "function-bind": "^1.1.2",
        "get-intrinsic": "^1.2.4",
        "set-function-length": "^1.2.1"
      },
      "engines": {
        "node": ">= 0.4"
      },
      "funding": {
        "url": "https://github.com/sponsors/ljharb"
      }
    },
    "node_modules/cls-hooked": {
      "version": "4.2.2",
      "license": "BSD-2-Clause",
      "dependencies": {
        "async-hook-jl": "^1.7.6",
        "emitter-listener": "^1.0.1",
        "semver": "^5.4.1"
      },
      "engines": {
        "node": "^4.7 || >=6.9 || >=7.3 || >=8.2.1"
      }
    },
    "node_modules/cls-hooked/node_modules/semver": {
      "version": "5.7.2",
      "license": "ISC",
      "bin": {
        "semver": "bin/semver"
      }
    },
    "node_modules/color": {
      "version": "3.2.1",
      "license": "MIT",
      "dependencies": {
        "color-convert": "^1.9.3",
        "color-string": "^1.6.0"
      }
    },
    "node_modules/color-convert": {
      "version": "1.9.3",
      "license": "MIT",
      "dependencies": {
        "color-name": "1.1.3"
      }
    },
    "node_modules/color-name": {
      "version": "1.1.3",
      "license": "MIT"
    },
    "node_modules/color-string": {
      "version": "1.9.1",
      "license": "MIT",
      "dependencies": {
        "color-name": "^1.0.0",
        "simple-swizzle": "^0.2.2"
      }
    },
    "node_modules/colorspace": {
      "version": "1.1.4",
      "license": "MIT",
      "dependencies": {
        "color": "^3.1.3",
        "text-hex": "1.0.x"
      }
    },
    "node_modules/combined-stream": {
      "version": "1.0.8",
      "license": "MIT",
      "dependencies": {
        "delayed-stream": "~1.0.0"
      },
      "engines": {
        "node": ">= 0.8"
      }
    },
    "node_modules/define-data-property": {
      "version": "1.1.4",
      "license": "MIT",
      "dependencies": {
        "es-define-property": "^1.0.0",
        "es-errors": "^1.3.0",
        "gopd": "^1.0.1"
      },
      "engines": {
        "node": ">= 0.4"
      },
      "funding": {
        "url": "https://github.com/sponsors/ljharb"
      }
    },
    "node_modules/delayed-stream": {
      "version": "1.0.0",
      "license": "MIT",
      "engines": {
        "node": ">=0.4.0"
      }
    },
    "node_modules/depd": {
      "version": "2.0.0",
      "license": "MIT",
      "engines": {
        "node": ">= 0.8"
      }
    },
    "node_modules/ecdsa-sig-formatter": {
      "version": "1.0.11",
      "license": "Apache-2.0",
      "dependencies": {
        "safe-buffer": "^5.0.1"
      }
    },
    "node_modules/emitter-listener": {
      "version": "1.1.2",
      "license": "BSD-2-Clause",
      "dependencies": {
        "shimmer": "^1.2.0"
      }
    },
    "node_modules/enabled": {
      "version": "2.0.0",
      "license": "MIT"
    },
    "node_modules/es-define-property": {
      "version": "1.0.0",
      "license": "MIT",
      "dependencies": {
        "get-intrinsic": "^1.2.4"
      },
      "engines": {
        "node": ">= 0.4"
      }
    },
    "node_modules/es-errors": {
      "version": "1.3.0",
      "license": "MIT",
      "engines": {
        "node": ">= 0.4"
      }
    },
    "node_modules/events": {
      "version": "1.1.1",
      "license": "MIT",
      "engines": {
        "node": ">=0.4.x"
      }
    },
    "node_modules/fecha": {
      "version": "4.2.3",
      "license": "MIT"
    },
    "node_modules/fn.name": {
      "version": "1.1.0",
      "license": "MIT"
    },
    "node_modules/follow-redirects": {
      "version": "1.15.6",
      "funding": [
        {
          "type": "individual",
          "url": "https://github.com/sponsors/RubenVerborgh"
        }
      ],
      "license": "MIT",
      "engines": {
        "node": ">=4.0"
      },
      "peerDependenciesMeta": {
        "debug": {
          "optional": true
        }
      }
    },
    "node_modules/for-each": {
      "version": "0.3.3",
      "license": "MIT",
      "dependencies": {
        "is-callable": "^1.1.3"
      }
    },
    "node_modules/form-data": {
      "version": "4.0.0",
      "license": "MIT",
      "dependencies": {
        "asynckit": "^0.4.0",
        "combined-stream": "^1.0.8",
        "mime-types": "^2.1.12"
      },
      "engines": {
        "node": ">= 6"
      }
    },
    "node_modules/function-bind": {
      "version": "1.1.2",
      "license": "MIT",
      "funding": {
        "url": "https://github.com/sponsors/ljharb"
      }
    },
    "node_modules/get-intrinsic": {
      "version": "1.2.4",
      "license": "MIT",
      "dependencies": {
        "es-errors": "^1.3.0",
        "function-bind": "^1.1.2",
        "has-proto": "^1.0.1",
        "has-symbols": "^1.0.3",
        "hasown": "^2.0.0"
      },
      "engines": {
        "node": ">= 0.4"
      },
      "funding": {
        "url": "https://github.com/sponsors/ljharb"
      }
    },
    "node_modules/gopd": {
      "version": "1.0.1",
      "license": "MIT",
      "dependencies": {
        "get-intrinsic": "^1.1.3"
      },
      "funding": {
        "url": "https://github.com/sponsors/ljharb"
      }
    },
    "node_modules/has-property-descriptors": {
      "version": "1.0.2",
      "license": "MIT",
      "dependencies": {
        "es-define-property": "^1.0.0"
      },
      "funding": {
        "url": "https://github.com/sponsors/ljharb"
      }
    },
    "node_modules/has-proto": {
      "version": "1.0.3",
      "license": "MIT",
      "engines": {
        "node": ">= 0.4"
      },
      "funding": {
        "url": "https://github.com/sponsors/ljharb"
      }
    },
    "node_modules/has-symbols": {
      "version": "1.0.3",
      "license": "MIT",
      "engines": {
        "node": ">= 0.4"
      },
      "funding": {
        "url": "https://github.com/sponsors/ljharb"
      }
    },
    "node_modules/has-tostringtag": {
      "version": "1.0.2",
      "license": "MIT",
      "dependencies": {
        "has-symbols": "^1.0.3"
      },
      "engines": {
        "node": ">= 0.4"
      },
      "funding": {
        "url": "https://github.com/sponsors/ljharb"
      }
    },
    "node_modules/hasown": {
      "version": "2.0.2",
      "license": "MIT",
      "dependencies": {
        "function-bind": "^1.1.2"
      },
      "engines": {
        "node": ">= 0.4"
      }
    },
    "node_modules/http-errors": {
      "version": "2.0.0",
      "license": "MIT",
      "dependencies": {
        "depd": "2.0.0",
        "inherits": "2.0.4",
        "setprototypeof": "1.2.0",
        "statuses": "2.0.1",
        "toidentifier": "1.0.1"
      },
      "engines": {
        "node": ">= 0.8"
      }
    },
    "node_modules/ieee754": {
      "version": "1.1.13",
      "license": "BSD-3-Clause"
    },
    "node_modules/inherits": {
      "version": "2.0.4",
      "license": "ISC"
    },
    "node_modules/is-arguments": {
      "version": "1.1.1",
      "license": "MIT",
      "dependencies": {
        "call-bind": "^1.0.2",
        "has-tostringtag": "^1.0.0"
      },
      "engines": {
        "node": ">= 0.4"
      },
      "funding": {
        "url": "https://github.com/sponsors/ljharb"
      }
    },
    "node_modules/is-arrayish": {
      "version": "0.3.2",
      "license": "MIT"
    },
    "node_modules/is-callable": {
      "version": "1.2.7",
      "license": "MIT",
      "engines": {
        "node": ">= 0.4"
      },
      "funding": {
        "url": "https://github.com/sponsors/ljharb"
      }
    },
    "node_modules/is-generator-function": {
      "version": "1.0.10",
      "license": "MIT",
      "dependencies": {
        "has-tostringtag": "^1.0.0"
      },
      "engines": {
        "node": ">= 0.4"
      },
      "funding": {
        "url": "https://github.com/sponsors/ljharb"
      }
    },
    "node_modules/is-stream": {
      "version": "2.0.1",
      "license": "MIT",
      "engines": {
        "node": ">=8"
      },
      "funding": {
        "url": "https://github.com/sponsors/sindresorhus"
      }
    },
    "node_modules/is-typed-array": {
      "version": "1.1.13",
      "license": "MIT",
      "dependencies": {
        "which-typed-array": "^1.1.14"
      },
      "engines": {
        "node": ">= 0.4"
      },
      "funding": {
        "url": "https://github.com/sponsors/ljharb"
      }
    },
    "node_modules/isarray": {
      "version": "1.0.0",
      "license": "MIT"
    },
    "node_modules/jmespath": {
      "version": "0.16.0",
      "license": "Apache-2.0",
      "engines": {
        "node": ">= 0.6.0"
      }
    },
    "node_modules/jsonwebtoken": {
      "version": "8.5.1",
      "license": "MIT",
      "dependencies": {
        "jws": "^3.2.2",
        "lodash.includes": "^4.3.0",
        "lodash.isboolean": "^3.0.3",
        "lodash.isinteger": "^4.0.4",
        "lodash.isnumber": "^3.0.3",
        "lodash.isplainobject": "^4.0.6",
        "lodash.isstring": "^4.0.1",
        "lodash.once": "^4.0.0",
        "ms": "^2.1.1",
        "semver": "^5.6.0"
      },
      "engines": {
        "node": ">=4",
        "npm": ">=1.4.28"
      }
    },
    "node_modules/jsonwebtoken/node_modules/semver": {
      "version": "5.7.2",
      "license": "ISC",
      "bin": {
        "semver": "bin/semver"
      }
    },
    "node_modules/jwa": {
      "version": "1.4.1",
      "license": "MIT",
      "dependencies": {
        "buffer-equal-constant-time": "1.0.1",
        "ecdsa-sig-formatter": "1.0.11",
        "safe-buffer": "^5.0.1"
      }
    },
    "node_modules/jws": {
      "version": "3.2.2",
      "license": "MIT",
      "dependencies": {
        "jwa": "^1.4.1",
        "safe-buffer": "^5.0.1"
      }
    },
    "node_modules/kuler": {
      "version": "2.0.0",
      "license": "MIT"
    },
    "node_modules/lodash": {
      "version": "4.17.21",
      "license": "MIT"
    },
    "node_modules/lodash.includes": {
      "version": "4.3.0",
      "license": "MIT"
    },
    "node_modules/lodash.isboolean": {
      "version": "3.0.3",
      "license": "MIT"
    },
    "node_modules/lodash.isinteger": {
      "version": "4.0.4",
      "license": "MIT"
    },
    "node_modules/lodash.isnumber": {
      "version": "3.0.3",
      "license": "MIT"
    },
    "node_modules/lodash.isplainobject": {
      "version": "4.0.6",
      "license": "MIT"
    },
    "node_modules/lodash.isstring": {
      "version": "4.0.1",
      "license": "MIT"
    },
    "node_modules/lodash.once": {
      "version": "4.1.1",
      "license": "MIT"
    },
    "node_modules/logform": {
      "version": "2.6.0",
      "license": "MIT",
      "dependencies": {
        "@colors/colors": "1.6.0",
        "@types/triple-beam": "^1.3.2",
        "fecha": "^4.2.0",
        "ms": "^2.1.1",
        "safe-stable-stringify": "^2.3.1",
        "triple-beam": "^1.3.0"
      },
      "engines": {
        "node": ">= 12.0.0"
      }
    },
    "node_modules/mime-db": {
      "version": "1.52.0",
      "license": "MIT",
      "engines": {
        "node": ">= 0.6"
      }
    },
    "node_modules/mime-types": {
      "version": "2.1.35",
      "license": "MIT",
      "dependencies": {
        "mime-db": "1.52.0"
      },
      "engines": {
        "node": ">= 0.6"
      }
    },
    "node_modules/ms": {
      "version": "2.1.3",
      "license": "MIT"
    },
    "node_modules/one-time": {
      "version": "1.0.0",
      "license": "MIT",
      "dependencies": {
        "fn.name": "1.x.x"
      }
    },
    "node_modules/possible-typed-array-names": {
      "version": "1.0.0",
      "license": "MIT",
      "engines": {
        "node": ">= 0.4"
      }
    },
    "node_modules/proxy-from-env": {
      "version": "1.1.0",
      "license": "MIT"
    },
    "node_modules/punycode": {
      "version": "1.3.2",
      "license": "MIT"
    },
    "node_modules/querystring": {
      "version": "0.2.0",
      "engines": {
        "node": ">=0.4.x"
      }
    },
    "node_modules/readable-stream": {
      "version": "3.6.2",
      "license": "MIT",
      "dependencies": {
        "inherits": "^2.0.3",
        "string_decoder": "^1.1.1",
        "util-deprecate": "^1.0.1"
      },
      "engines": {
        "node": ">= 6"
      }
    },
    "node_modules/safe-buffer": {
      "version": "5.2.1",
      "funding": [
        {
          "type": "github",
          "url": "https://github.com/sponsors/feross"
        },
        {
          "type": "patreon",
          "url": "https://www.patreon.com/feross"
        },
        {
          "type": "consulting",
          "url": "https://feross.org/support"
        }
      ],
      "license": "MIT"
    },
    "node_modules/safe-stable-stringify": {
      "version": "2.4.3",
      "license": "MIT",
      "engines": {
        "node": ">=10"
      }
    },
    "node_modules/sax": {
      "version": "1.2.1",
      "license": "ISC"
    },
    "node_modules/semver": {
      "version": "7.6.2",
      "license": "ISC",
      "bin": {
        "semver": "bin/semver.js"
      },
      "engines": {
        "node": ">=10"
      }
    },
    "node_modules/serverless-iam-roles-per-function": {
      "version": "3.2.0",
      "license": "MIT",
      "dependencies": {
        "lodash": "^4.17.20"
      },
      "engines": {
        "node": ">=10"
      }
    },
    "node_modules/serverless-reqvalidator-plugin": {
      "version": "3.1.0",
      "license": "MIT"
    },
    "node_modules/set-function-length": {
      "version": "1.2.2",
      "license": "MIT",
      "dependencies": {
        "define-data-property": "^1.1.4",
        "es-errors": "^1.3.0",
        "function-bind": "^1.1.2",
        "get-intrinsic": "^1.2.4",
        "gopd": "^1.0.1",
        "has-property-descriptors": "^1.0.2"
      },
      "engines": {
        "node": ">= 0.4"
      }
    },
    "node_modules/setprototypeof": {
      "version": "1.2.0",
      "license": "ISC"
    },
    "node_modules/shimmer": {
      "version": "1.2.1",
      "license": "BSD-2-Clause"
    },
    "node_modules/simple-swizzle": {
      "version": "0.2.2",
      "license": "MIT",
      "dependencies": {
        "is-arrayish": "^0.3.1"
      }
    },
    "node_modules/stack-chain": {
      "version": "1.3.7",
      "license": "MIT"
    },
    "node_modules/stack-trace": {
      "version": "0.0.10",
      "license": "MIT",
      "engines": {
        "node": "*"
      }
    },
    "node_modules/statuses": {
      "version": "2.0.1",
      "license": "MIT",
      "engines": {
        "node": ">= 0.8"
      }
    },
    "node_modules/string_decoder": {
      "version": "1.3.0",
      "license": "MIT",
      "dependencies": {
        "safe-buffer": "~5.2.0"
      }
    },
    "node_modules/text-hex": {
      "version": "1.0.0",
      "license": "MIT"
    },
    "node_modules/toidentifier": {
      "version": "1.0.1",
      "license": "MIT",
      "engines": {
        "node": ">=0.6"
      }
    },
    "node_modules/triple-beam": {
      "version": "1.4.1",
      "license": "MIT",
      "engines": {
        "node": ">= 14.0.0"
      }
    },
    "node_modules/tslib": {
      "version": "2.6.3",
      "license": "0BSD"
    },
    "node_modules/undici-types": {
      "version": "5.26.5",
      "license": "MIT"
    },
    "node_modules/url": {
      "version": "0.10.3",
      "license": "MIT",
      "dependencies": {
        "punycode": "1.3.2",
        "querystring": "0.2.0"
      }
    },
    "node_modules/util": {
      "version": "0.12.5",
      "license": "MIT",
      "dependencies": {
        "inherits": "^2.0.3",
        "is-arguments": "^1.0.4",
        "is-generator-function": "^1.0.7",
        "is-typed-array": "^1.1.3",
        "which-typed-array": "^1.1.2"
      }
    },
    "node_modules/util-deprecate": {
      "version": "1.0.2",
      "license": "MIT"
    },
    "node_modules/uuid": {
      "version": "9.0.1",
      "funding": [
        "https://github.com/sponsors/broofa",
        "https://github.com/sponsors/ctavan"
      ],
      "license": "MIT",
      "bin": {
        "uuid": "dist/bin/uuid"
      }
    },
    "node_modules/which-typed-array": {
      "version": "1.1.15",
      "license": "MIT",
      "dependencies": {
        "available-typed-arrays": "^1.0.7",
        "call-bind": "^1.0.7",
        "for-each": "^0.3.3",
        "gopd": "^1.0.1",
        "has-tostringtag": "^1.0.2"
      },
      "engines": {
        "node": ">= 0.4"
      },
      "funding": {
        "url": "https://github.com/sponsors/ljharb"
      }
    },
    "node_modules/winston": {
      "version": "3.13.0",
      "license": "MIT",
      "dependencies": {
        "@colors/colors": "^1.6.0",
        "@dabh/diagnostics": "^2.0.2",
        "async": "^3.2.3",
        "is-stream": "^2.0.0",
        "logform": "^2.4.0",
        "one-time": "^1.0.0",
        "readable-stream": "^3.4.0",
        "safe-stable-stringify": "^2.3.1",
        "stack-trace": "0.0.x",
        "triple-beam": "^1.3.0",
        "winston-transport": "^4.7.0"
      },
      "engines": {
        "node": ">= 12.0.0"
      }
    },
    "node_modules/winston-transport": {
      "version": "4.7.0",
      "license": "MIT",
      "dependencies": {
        "logform": "^2.3.2",
        "readable-stream": "^3.6.0",
        "triple-beam": "^1.3.0"
      },
      "engines": {
        "node": ">= 12.0.0"
      }
    },
    "node_modules/xml2js": {
      "version": "0.6.2",
      "license": "MIT",
      "dependencies": {
        "sax": ">=0.6.0",
        "xmlbuilder": "~11.0.0"
      },
      "engines": {
        "node": ">=4.0.0"
      }
    },
    "node_modules/xmlbuilder": {
      "version": "11.0.1",
      "license": "MIT",
      "engines": {
        "node": ">=4.0"
      }
    }
  }
}
